<?xml version="1.0" encoding="utf-8"?>
<Project ToolsVersion="4.0" xmlns="http://schemas.microsoft.com/developer/msbuild/2003">
  <ItemGroup>
    <Filter Include="ソース ファイル">
      <UniqueIdentifier>{4FC737F1-C7A5-4376-A066-2A32D752A2FF}</UniqueIdentifier>
      <Extensions>cpp;c;cc;cxx;c++;cppm;ixx;def;odl;idl;hpj;bat;asm;asmx</Extensions>
    </Filter>
    <Filter Include="ヘッダー ファイル">
      <UniqueIdentifier>{93995380-89BD-4b04-88EB-625FBE52EBFB}</UniqueIdentifier>
      <Extensions>h;hh;hpp;hxx;h++;hm;inl;inc;ipp;xsd</Extensions>
    </Filter>
    <Filter Include="リソース ファイル">
      <UniqueIdentifier>{67DA6AB6-F800-4c08-8B7A-83BB121AAD01}</UniqueIdentifier>
      <Extensions>rc;ico;cur;bmp;dlg;rc2;rct;bin;rgs;gif;jpg;jpeg;jpe;resx;tiff;tif;png;wav;mfcribbon-ms</Extensions>
    </Filter>
    <Filter Include="ソース ファイル\Objcet">
      <UniqueIdentifier>{81f065ae-b76e-4a71-b22b-3c02ecc12560}</UniqueIdentifier>
    </Filter>
    <Filter Include="ソース ファイル\Componet">
      <UniqueIdentifier>{9b49ee99-a673-429b-bf82-006a6ccabb4c}</UniqueIdentifier>
    </Filter>
    <Filter Include="ソース ファイル\ImGui">
      <UniqueIdentifier>{8c8bbbbb-b57f-4c1f-9be8-68c55cd03892}</UniqueIdentifier>
    </Filter>
    <Filter Include="ソース ファイル\Scene">
      <UniqueIdentifier>{5b54c35f-532d-4552-93d8-999a6d6fe97a}</UniqueIdentifier>
    </Filter>
    <Filter Include="ソース ファイル\System">
      <UniqueIdentifier>{fca58447-4862-428b-8e56-0c5a8e869d9d}</UniqueIdentifier>
    </Filter>
    <Filter Include="リソース ファイル\PS">
      <UniqueIdentifier>{b9c2263d-f71f-470b-b735-aa392f7f4caf}</UniqueIdentifier>
    </Filter>
    <Filter Include="リソース ファイル\VS">
      <UniqueIdentifier>{7f2615f6-7974-45e5-89a7-a521f11c87c1}</UniqueIdentifier>
    </Filter>
    <Filter Include="ソース ファイル\Render">
      <UniqueIdentifier>{cb9c22f1-53ea-4afd-a8fa-7f7d5c73c9db}</UniqueIdentifier>
    </Filter>
    <Filter Include="ソース ファイル\Mesh">
      <UniqueIdentifier>{3c825537-1cb8-4e50-8634-5e9b6bd40e81}</UniqueIdentifier>
    </Filter>
    <Filter Include="ソース ファイル\UI">
      <UniqueIdentifier>{599b918b-4e5a-4c0b-88aa-b8d0b607286d}</UniqueIdentifier>
    </Filter>
    <Filter Include="ソース ファイル\Particle">
      <UniqueIdentifier>{273521cd-b6bb-4053-a070-d8e01f47d6dd}</UniqueIdentifier>
    </Filter>
  </ItemGroup>
  <ItemGroup>
    <ClCompile Include="..\Script\Sysytem\main.cpp">
      <Filter>ソース ファイル\System</Filter>
    </ClCompile>
    <ClCompile Include="..\Script\Sysytem\Application.cpp">
      <Filter>ソース ファイル\System</Filter>
    </ClCompile>
    <ClCompile Include="..\Script\Render\renderer.cpp">
      <Filter>ソース ファイル\Render</Filter>
    </ClCompile>
    <ClCompile Include="..\Script\Sysytem\manager.cpp">
      <Filter>ソース ファイル\System</Filter>
    </ClCompile>
    <ClCompile Include="..\Script\Render\modelRenderer.cpp">
      <Filter>ソース ファイル\Render</Filter>
    </ClCompile>
    <ClCompile Include="..\Script\Sysytem\utftosjisconv.cpp">
      <Filter>ソース ファイル\System</Filter>
    </ClCompile>
    <ClCompile Include="..\Script\Sysytem\utility.cpp">
      <Filter>ソース ファイル\System</Filter>
    </ClCompile>
    <ClCompile Include="..\Script\Sysytem\input.cpp">
      <Filter>ソース ファイル\System</Filter>
    </ClCompile>
    <ClCompile Include="..\Script\ImGui\ImGuiManager.cpp">
      <Filter>ソース ファイル\ImGui</Filter>
    </ClCompile>
    <ClCompile Include="..\Script\ImGui\imgui_widgets.cpp">
      <Filter>ソース ファイル\ImGui</Filter>
    </ClCompile>
    <ClCompile Include="..\Script\ImGui\imgui.cpp">
      <Filter>ソース ファイル\ImGui</Filter>
    </ClCompile>
    <ClCompile Include="..\Script\ImGui\imgui_draw.cpp">
      <Filter>ソース ファイル\ImGui</Filter>
    </ClCompile>
    <ClCompile Include="..\Script\ImGui\imgui_impl_dx11.cpp">
      <Filter>ソース ファイル\ImGui</Filter>
    </ClCompile>
    <ClCompile Include="..\Script\ImGui\imgui_impl_win32.cpp">
      <Filter>ソース ファイル\ImGui</Filter>
    </ClCompile>
    <ClCompile Include="..\Script\ImGui\imgui_tables.cpp">
      <Filter>ソース ファイル\ImGui</Filter>
    </ClCompile>
    <ClCompile Include="..\Script\Scene\Transition.cpp">
      <Filter>ソース ファイル\Scene</Filter>
    </ClCompile>
    <ClCompile Include="..\Script\Scene\GameScene.cpp">
      <Filter>ソース ファイル\Scene</Filter>
    </ClCompile>
    <ClCompile Include="..\Script\Object\field.cpp">
      <Filter>ソース ファイル\Objcet</Filter>
    </ClCompile>
    <ClCompile Include="..\Script\Object\sky.cpp">
      <Filter>ソース ファイル\Objcet</Filter>
    </ClCompile>
    <ClCompile Include="..\Script\Component\shader.cpp">
      <Filter>ソース ファイル\Componet</Filter>
    </ClCompile>
    <ClCompile Include="..\Script\Object\camera.cpp">
      <Filter>ソース ファイル\Objcet</Filter>
    </ClCompile>
    <ClCompile Include="..\Script\Component\audio.cpp">
      <Filter>ソース ファイル\Componet</Filter>
    </ClCompile>
    <ClCompile Include="..\Script\Component\sprite.cpp">
      <Filter>ソース ファイル\Componet</Filter>
    </ClCompile>
    <ClCompile Include="..\Script\Object\BoxObject.cpp">
      <Filter>ソース ファイル\Objcet</Filter>
    </ClCompile>
    <ClCompile Include="..\Script\Component\BoxCollider.cpp">
      <Filter>ソース ファイル\Componet</Filter>
    </ClCompile>
    <ClCompile Include="..\Script\Component\Collider.cpp">
      <Filter>ソース ファイル\Componet</Filter>
    </ClCompile>
    <ClCompile Include="..\Script\Object\Player.cpp">
      <Filter>ソース ファイル\Objcet</Filter>
    </ClCompile>
    <ClCompile Include="..\Script\Mesh\CPlaneMesh.cpp">
      <Filter>ソース ファイル\Mesh</Filter>
    </ClCompile>
    <ClCompile Include="..\Script\Mesh\CUndulationPlaneMesh.cpp">
      <Filter>ソース ファイル\Mesh</Filter>
    </ClCompile>
    <ClCompile Include="..\Script\Mesh\CPlane.cpp">
      <Filter>ソース ファイル\Mesh</Filter>
    </ClCompile>
    <ClCompile Include="..\Script\Sysytem\dx11mathuntil.cpp">
      <Filter>ソース ファイル\System</Filter>
    </ClCompile>
    <ClCompile Include="..\Script\Component\shadow.cpp">
      <Filter>ソース ファイル\Componet</Filter>
    </ClCompile>
    <ClCompile Include="..\Script\Component\RigidBody.cpp">
      <Filter>ソース ファイル\Componet</Filter>
    </ClCompile>
    <ClCompile Include="..\Script\Object\StickObject.cpp">
      <Filter>ソース ファイル\Objcet</Filter>
    </ClCompile>
    <ClCompile Include="..\Script\UI\score.cpp">
      <Filter>ソース ファイル\UI</Filter>
    </ClCompile>
    <ClCompile Include="..\Script\Scene\TitleScene.cpp">
      <Filter>ソース ファイル\Scene</Filter>
    </ClCompile>
    <ClCompile Include="..\Script\Mesh\CPlaneMeshTexture.cpp">
      <Filter>ソース ファイル\Mesh</Filter>
    </ClCompile>
    <ClCompile Include="..\Script\Scene\ResultScene.cpp">
      <Filter>ソース ファイル\Scene</Filter>
    </ClCompile>
    <ClCompile Include="..\Script\Object\DebugCamera.cpp">
      <Filter>ソース ファイル\Objcet</Filter>
    </ClCompile>
    <ClCompile Include="..\Script\Scene\StageEditor.cpp">
      <Filter>ソース ファイル\Scene</Filter>
    </ClCompile>
    <ClCompile Include="..\Script\Mesh\Perlinnoise.cpp">
      <Filter>ソース ファイル\Mesh</Filter>
    </ClCompile>
    <ClCompile Include="..\Script\Component\animationModel.cpp">
      <Filter>ソース ファイル\Componet</Filter>
    </ClCompile>
    <ClCompile Include="..\Script\Object\Customer.cpp">
      <Filter>ソース ファイル\Objcet</Filter>
    </ClCompile>
    <ClCompile Include="..\Script\Component\SphereCollider.cpp">
      <Filter>ソース ファイル\Componet</Filter>
    </ClCompile>
    <ClCompile Include="..\Script\Object\TakoyakiObject.cpp">
      <Filter>ソース ファイル\Objcet</Filter>
    </ClCompile>
    <ClCompile Include="..\Script\Object\BillBoardObject.cpp">
      <Filter>ソース ファイル\Objcet</Filter>
    </ClCompile>
    <ClCompile Include="..\Script\UI\BillBoardScore.cpp">
      <Filter>ソース ファイル\UI</Filter>
    </ClCompile>
    <ClCompile Include="..\Script\Object\Enemy.cpp">
      <Filter>ソース ファイル\Objcet</Filter>
    </ClCompile>
    <ClCompile Include="..\Script\Mesh\CSphereMesh.cpp">
      <Filter>ソース ファイル\Mesh</Filter>
    </ClCompile>
    <ClCompile Include="..\Script\Component\BoundingSphere.cpp">
      <Filter>ソース ファイル\Componet</Filter>
    </ClCompile>
    <ClCompile Include="..\Script\Scene\SlopeScene.cpp">
      <Filter>ソース ファイル\Scene</Filter>
    </ClCompile>
    <ClCompile Include="..\Script\Scene\TensorScene.cpp">
      <Filter>ソース ファイル\Scene</Filter>
    </ClCompile>
    <ClCompile Include="..\Script\Object\Sphere.cpp">
      <Filter>ソース ファイル\Objcet</Filter>
    </ClCompile>
    <ClCompile Include="..\Script\Particle\Particle.cpp">
      <Filter>ソース ファイル\Particle</Filter>
    </ClCompile>
    <ClCompile Include="..\Script\Particle\ParticleObject.cpp">
      <Filter>ソース ファイル\Particle</Filter>
    </ClCompile>
    <ClCompile Include="..\Script\UI\Timer.cpp">
      <Filter>ソース ファイル\UI</Filter>
    </ClCompile>
    <ClCompile Include="..\Script\Component\RootChaise.cpp">
      <Filter>ソース ファイル\Componet</Filter>
    </ClCompile>
    <ClCompile Include="..\Script\Object\YataiObject.cpp">
      <Filter>ソース ファイル\Objcet</Filter>
    </ClCompile>
    <ClCompile Include="..\Script\Object\FakeTakotaki.cpp">
      <Filter>ソース ファイル\Objcet</Filter>
    </ClCompile>
    <ClCompile Include="..\Script\Object\TreeObject.cpp">
      <Filter>ソース ファイル\Objcet</Filter>
    </ClCompile>
    <ClCompile Include="..\Script\Object\YakisobaObject.cpp">
      <Filter>ソース ファイル\Objcet</Filter>
    </ClCompile>
    <ClCompile Include="..\Script\Object\KasuteraObject.cpp">
      <Filter>ソース ファイル\Objcet</Filter>
    </ClCompile>
    <ClCompile Include="..\Script\Object\CarObject.cpp">
      <Filter>ソース ファイル\Objcet</Filter>
    </ClCompile>
    <ClCompile Include="..\Script\Sysytem\DirectWrite.cpp">
      <Filter>ソース ファイル\System</Filter>
    </ClCompile>
    <ClCompile Include="..\Script\Scene\TutorialScene.cpp">
      <Filter>ソース ファイル\Scene</Filter>
    </ClCompile>
    <ClCompile Include="..\Script\UI\HitUI.cpp">
      <Filter>ソース ファイル\UI</Filter>
    </ClCompile>
    <ClCompile Include="..\Script\Scene\BGMScene.cpp">
      <Filter>ソース ファイル\Scene</Filter>
    </ClCompile>
    <ClCompile Include="..\Script\Component\SphereCollider2D.cpp">
      <Filter>ソース ファイル\Componet</Filter>
    </ClCompile>
    <ClCompile Include="..\Script\Component\PhysicsSprite.cpp">
      <Filter>ソース ファイル\Componet</Filter>
    </ClCompile>
  </ItemGroup>
  <ItemGroup>
    <ClInclude Include="..\Script\Sysytem\main.h">
      <Filter>ソース ファイル\System</Filter>
    </ClInclude>
    <ClInclude Include="..\Script\Sysytem\Application.h">
      <Filter>ソース ファイル\System</Filter>
    </ClInclude>
    <ClInclude Include="..\Script\Sysytem\fpscontrol.h">
      <Filter>ソース ファイル\System</Filter>
    </ClInclude>
    <ClInclude Include="..\Script\Render\renderer.h">
      <Filter>ソース ファイル\Render</Filter>
    </ClInclude>
    <ClInclude Include="..\Script\Sysytem\manager.h">
      <Filter>ソース ファイル\System</Filter>
    </ClInclude>
    <ClInclude Include="..\Script\Scene\scene.h">
      <Filter>ソース ファイル\Scene</Filter>
    </ClInclude>
    <ClInclude Include="..\Script\Render\modelRenderer.h">
      <Filter>ソース ファイル\Render</Filter>
    </ClInclude>
    <ClInclude Include="..\Script\Sysytem\utftosjisconv.h">
      <Filter>ソース ファイル\System</Filter>
    </ClInclude>
    <ClInclude Include="..\Script\Sysytem\utility.h">
      <Filter>ソース ファイル\System</Filter>
    </ClInclude>
    <ClInclude Include="..\Script\Object\gameObject.h">
      <Filter>ソース ファイル\Objcet</Filter>
    </ClInclude>
    <ClInclude Include="..\Script\Sysytem\input.h">
      <Filter>ソース ファイル\System</Filter>
    </ClInclude>
    <ClInclude Include="..\Script\ImGui\ImGuiManager.h">
      <Filter>ソース ファイル\ImGui</Filter>
    </ClInclude>
    <ClInclude Include="..\Script\ImGui\imstb_rectpack.h">
      <Filter>ソース ファイル\ImGui</Filter>
    </ClInclude>
    <ClInclude Include="..\Script\ImGui\imstb_textedit.h">
      <Filter>ソース ファイル\ImGui</Filter>
    </ClInclude>
    <ClInclude Include="..\Script\ImGui\imstb_truetype.h">
      <Filter>ソース ファイル\ImGui</Filter>
    </ClInclude>
    <ClInclude Include="..\Script\ImGui\imconfig.h">
      <Filter>ソース ファイル\ImGui</Filter>
    </ClInclude>
    <ClInclude Include="..\Script\ImGui\imgui.h">
      <Filter>ソース ファイル\ImGui</Filter>
    </ClInclude>
    <ClInclude Include="..\Script\ImGui\imgui_impl_dx11.h">
      <Filter>ソース ファイル\ImGui</Filter>
    </ClInclude>
    <ClInclude Include="..\Script\ImGui\imgui_impl_win32.h">
      <Filter>ソース ファイル\ImGui</Filter>
    </ClInclude>
    <ClInclude Include="..\Script\ImGui\imgui_internal.h">
      <Filter>ソース ファイル\ImGui</Filter>
    </ClInclude>
    <ClInclude Include="..\Script\Scene\GameScene.h">
      <Filter>ソース ファイル\Scene</Filter>
    </ClInclude>
    <ClInclude Include="..\Script\Scene\Transition.h">
      <Filter>ソース ファイル\Scene</Filter>
    </ClInclude>
    <ClInclude Include="..\Script\Object\sky.h">
      <Filter>ソース ファイル\Objcet</Filter>
    </ClInclude>
    <ClInclude Include="..\Script\Object\field.h">
      <Filter>ソース ファイル\Objcet</Filter>
    </ClInclude>
    <ClInclude Include="..\Script\Component\shader.h">
      <Filter>ソース ファイル\Componet</Filter>
    </ClInclude>
    <ClInclude Include="..\Script\Component\component.h">
      <Filter>ソース ファイル\Componet</Filter>
    </ClInclude>
    <ClInclude Include="..\Script\Object\camera.h">
      <Filter>ソース ファイル\Objcet</Filter>
    </ClInclude>
    <ClInclude Include="..\Script\Component\audio.h">
      <Filter>ソース ファイル\Componet</Filter>
    </ClInclude>
    <ClInclude Include="..\Script\Component\sprite.h">
      <Filter>ソース ファイル\Componet</Filter>
    </ClInclude>
    <ClInclude Include="..\Script\Object\BoxObject.h">
      <Filter>ソース ファイル\Objcet</Filter>
    </ClInclude>
    <ClInclude Include="..\Script\Component\BoxCollider.h">
      <Filter>ソース ファイル\Componet</Filter>
    </ClInclude>
    <ClInclude Include="..\Script\Component\Collider.h">
      <Filter>ソース ファイル\Componet</Filter>
    </ClInclude>
    <ClInclude Include="..\Script\Object\Player.h">
      <Filter>ソース ファイル\Objcet</Filter>
    </ClInclude>
    <ClInclude Include="..\Script\Mesh\CMesh.h">
      <Filter>ソース ファイル\Mesh</Filter>
    </ClInclude>
    <ClInclude Include="..\Script\Mesh\CPlaneMesh.h">
      <Filter>ソース ファイル\Mesh</Filter>
    </ClInclude>
    <ClInclude Include="..\Script\Mesh\CMeshRenderer.h">
      <Filter>ソース ファイル\Mesh</Filter>
    </ClInclude>
    <ClInclude Include="..\Script\Render\CIndexBuffer.h">
      <Filter>ソース ファイル\Render</Filter>
    </ClInclude>
    <ClInclude Include="..\Script\Render\CVertexBuffer.h">
      <Filter>ソース ファイル\Render</Filter>
    </ClInclude>
    <ClInclude Include="..\Script\Mesh\CUndulationPlaneMesh.h">
      <Filter>ソース ファイル\Mesh</Filter>
    </ClInclude>
    <ClInclude Include="..\Script\Mesh\CPlane.h">
      <Filter>ソース ファイル\Mesh</Filter>
    </ClInclude>
    <ClInclude Include="..\Script\Sysytem\dx11mathuntil.h">
      <Filter>ソース ファイル\System</Filter>
    </ClInclude>
    <ClInclude Include="..\Script\Component\shadow.h">
      <Filter>ソース ファイル\Componet</Filter>
    </ClInclude>
    <ClInclude Include="..\Script\Component\RigidBody.h">
      <Filter>ソース ファイル\Componet</Filter>
    </ClInclude>
    <ClInclude Include="..\Script\Mesh\CPlaneMeshTexture.h">
      <Filter>ソース ファイル\Mesh</Filter>
    </ClInclude>
    <ClInclude Include="..\Script\Object\StickObject.h">
      <Filter>ソース ファイル\Objcet</Filter>
    </ClInclude>
    <ClInclude Include="..\Script\UI\score.h">
      <Filter>ソース ファイル\UI</Filter>
    </ClInclude>
    <ClInclude Include="..\Script\Scene\TitleScene.h">
      <Filter>ソース ファイル\Scene</Filter>
    </ClInclude>
    <ClInclude Include="..\Script\Scene\ResultScene.h">
      <Filter>ソース ファイル\Scene</Filter>
    </ClInclude>
    <ClInclude Include="..\Script\Scene\StageEditor.h">
      <Filter>ソース ファイル\Scene</Filter>
    </ClInclude>
    <ClInclude Include="..\Script\Object\DebugCamera.h">
      <Filter>ソース ファイル\Objcet</Filter>
    </ClInclude>
    <ClInclude Include="..\Script\Mesh\Perlinnoise.h">
      <Filter>ソース ファイル\Mesh</Filter>
    </ClInclude>
    <ClInclude Include="..\Script\Component\animationModel.h">
      <Filter>ソース ファイル\Componet</Filter>
    </ClInclude>
    <ClInclude Include="..\Script\Object\Customer.h">
      <Filter>ソース ファイル\Objcet</Filter>
    </ClInclude>
    <ClInclude Include="..\Script\Component\SphereCollider.h">
      <Filter>ソース ファイル\Componet</Filter>
    </ClInclude>
    <ClInclude Include="..\Script\Object\TakoyakiObject.h">
      <Filter>ソース ファイル\Objcet</Filter>
    </ClInclude>
    <ClInclude Include="..\Script\Object\BillBoardObject.h">
      <Filter>ソース ファイル\Objcet</Filter>
    </ClInclude>
    <ClInclude Include="..\Script\UI\BillBoardScore.h">
      <Filter>ソース ファイル\UI</Filter>
    </ClInclude>
    <ClInclude Include="..\Script\Object\Enemy.h">
      <Filter>ソース ファイル\Objcet</Filter>
    </ClInclude>
    <ClInclude Include="..\Script\Mesh\CSphereMesh.h">
      <Filter>ソース ファイル\Mesh</Filter>
    </ClInclude>
    <ClInclude Include="..\Script\Component\BoundingSphere.h">
      <Filter>ソース ファイル\Componet</Filter>
    </ClInclude>
    <ClInclude Include="..\Script\Scene\SlopeScene.h">
      <Filter>ソース ファイル\Scene</Filter>
    </ClInclude>
    <ClInclude Include="..\Script\Object\Sphere.h">
      <Filter>ソース ファイル\Objcet</Filter>
    </ClInclude>
    <ClInclude Include="..\Script\Scene\TensorScene.h">
      <Filter>ソース ファイル\Scene</Filter>
    </ClInclude>
    <ClInclude Include="..\Script\Particle\Particle.h">
      <Filter>ソース ファイル\Particle</Filter>
    </ClInclude>
    <ClInclude Include="..\Script\Particle\ParticleObject.h">
      <Filter>ソース ファイル\Particle</Filter>
    </ClInclude>
    <ClInclude Include="..\Script\UI\Timer.h">
      <Filter>ソース ファイル\UI</Filter>
    </ClInclude>
    <ClInclude Include="..\Script\Component\RootChaise.h">
      <Filter>ソース ファイル\Componet</Filter>
    </ClInclude>
    <ClInclude Include="..\Script\Object\YataiObject.h">
      <Filter>ソース ファイル\Objcet</Filter>
    </ClInclude>
    <ClInclude Include="..\Script\Object\FakeTakotaki.h">
      <Filter>ソース ファイル\Objcet</Filter>
    </ClInclude>
    <ClInclude Include="..\Script\Object\TreeObject.h">
      <Filter>ソース ファイル\Objcet</Filter>
    </ClInclude>
    <ClInclude Include="..\Script\Object\YakisobaObject.h">
      <Filter>ソース ファイル\Objcet</Filter>
    </ClInclude>
    <ClInclude Include="..\Script\Object\KasuteraObject.h">
      <Filter>ソース ファイル\Objcet</Filter>
    </ClInclude>
    <ClInclude Include="..\Script\Object\CarObject.h">
      <Filter>ソース ファイル\Objcet</Filter>
    </ClInclude>
    <ClInclude Include="..\Script\Sysytem\DirectWrite.h">
      <Filter>ソース ファイル\System</Filter>
    </ClInclude>
    <ClInclude Include="..\Script\Scene\TutorialScene.h">
      <Filter>ソース ファイル\Scene</Filter>
    </ClInclude>
    <ClInclude Include="..\Script\UI\HitUI.h">
      <Filter>ソース ファイル\UI</Filter>
    </ClInclude>
    <ClInclude Include="..\Script\Scene\BGMScene.h">
      <Filter>ソース ファイル\Scene</Filter>
    </ClInclude>
    <ClInclude Include="..\Script\Component\PhysicsSprite.h">
      <Filter>ソース ファイル\Componet</Filter>
    </ClInclude>
    <ClInclude Include="..\Script\Component\SphereCollider2D.h">
      <Filter>ソース ファイル\Componet</Filter>
    </ClInclude>
  </ItemGroup>
  <ItemGroup>
    <FxCompile Include="..\shader\common.hlsl">
      <Filter>リソース ファイル</Filter>
    </FxCompile>
    <FxCompile Include="..\shader\PS_BloomBlur.hlsl">
      <Filter>リソース ファイル\PS</Filter>
    </FxCompile>
    <FxCompile Include="..\shader\PS_Circle.hlsl">
      <Filter>リソース ファイル\PS</Filter>
    </FxCompile>
    <FxCompile Include="..\shader\PS_ConcentrationShader.hlsl">
      <Filter>リソース ファイル\PS</Filter>
    </FxCompile>
    <FxCompile Include="..\shader\PS_DistanceAlhpa.hlsl">
      <Filter>リソース ファイル\PS</Filter>
    </FxCompile>
    <FxCompile Include="..\shader\PS_DepthWrite.hlsl">
      <Filter>リソース ファイル\PS</Filter>
    </FxCompile>
    <FxCompile Include="..\shader\PS_FadeShader.hlsl">
      <Filter>リソース ファイル\PS</Filter>
    </FxCompile>
    <FxCompile Include="..\shader\PS_GouraudShading.hlsl">
      <Filter>リソース ファイル\PS</Filter>
    </FxCompile>
    <FxCompile Include="..\shader\PS_OrangeScale.hlsl">
      <Filter>リソース ファイル\PS</Filter>
    </FxCompile>
    <FxCompile Include="..\shader\PS_PolarCoordinates.hlsl">
      <Filter>リソース ファイル\PS</Filter>
    </FxCompile>
    <FxCompile Include="..\shader\PS_RGBSplit.hlsl">
      <Filter>リソース ファイル\PS</Filter>
    </FxCompile>
    <FxCompile Include="..\shader\PS_Shadow.hlsl">
      <Filter>リソース ファイル\PS</Filter>
    </FxCompile>
    <FxCompile Include="..\shader\unlitTexturePS.hlsl">
      <Filter>リソース ファイル\PS</Filter>
    </FxCompile>
    <FxCompile Include="..\shader\vertexLightingPS.hlsl">
      <Filter>リソース ファイル\PS</Filter>
    </FxCompile>
    <FxCompile Include="..\shader\unlitTextureVS.hlsl">
      <Filter>リソース ファイル\VS</Filter>
    </FxCompile>
    <FxCompile Include="..\shader\vertexLightingVS.hlsl">
      <Filter>リソース ファイル\VS</Filter>
    </FxCompile>
    <FxCompile Include="..\shader\VS_GouraudShading.hlsl">
      <Filter>リソース ファイル\VS</Filter>
    </FxCompile>
    <FxCompile Include="..\shader\VS_LightingOneSkin.hlsl">
      <Filter>リソース ファイル\VS</Filter>
    </FxCompile>
    <FxCompile Include="..\shader\VS_Rotation.hlsl">
      <Filter>リソース ファイル\VS</Filter>
    </FxCompile>
    <FxCompile Include="..\shader\VS_Scale.hlsl">
      <Filter>リソース ファイル\VS</Filter>
    </FxCompile>
    <FxCompile Include="..\shader\VS_Shadow.hlsl">
      <Filter>リソース ファイル\VS</Filter>
    </FxCompile>
    <FxCompile Include="..\shader\PS_Toon.hlsl">
      <Filter>リソース ファイル\PS</Filter>
    </FxCompile>
    <FxCompile Include="..\shader\VS_Object.hlsl">
      <Filter>リソース ファイル\VS</Filter>
    </FxCompile>
    <FxCompile Include="..\shader\vertexLightingOneSkinVS.hlsl">
      <Filter>リソース ファイル\VS</Filter>
    </FxCompile>
    <FxCompile Include="..\shader\VS_OutLine.hlsl">
      <Filter>リソース ファイル\VS</Filter>
    </FxCompile>
    <FxCompile Include="..\shader\PS_OutLine.hlsl">
      <Filter>リソース ファイル\PS</Filter>
    </FxCompile>
    <FxCompile Include="..\shader\PS_WhiteAlpha.hlsl">
      <Filter>リソース ファイル\PS</Filter>
    </FxCompile>
    <FxCompile Include="..\shader\PS_AlphaFade.hlsl">
      <Filter>リソース ファイル\PS</Filter>
    </FxCompile>
  </ItemGroup>
</Project>