<?xml version="1.0" encoding="utf-8"?>
<Project ToolsVersion="4.0" xmlns="http://schemas.microsoft.com/developer/msbuild/2003">
  <ItemGroup>
    <Filter Include="ソース ファイル">
      <UniqueIdentifier>{4FC737F1-C7A5-4376-A066-2A32D752A2FF}</UniqueIdentifier>
      <Extensions>cpp;c;cc;cxx;c++;cppm;ixx;def;odl;idl;hpj;bat;asm;asmx</Extensions>
    </Filter>
    <Filter Include="ヘッダー ファイル">
      <UniqueIdentifier>{93995380-89BD-4b04-88EB-625FBE52EBFB}</UniqueIdentifier>
      <Extensions>h;hh;hpp;hxx;h++;hm;inl;inc;ipp;xsd</Extensions>
    </Filter>
    <Filter Include="リソース ファイル">
      <UniqueIdentifier>{67DA6AB6-F800-4c08-8B7A-83BB121AAD01}</UniqueIdentifier>
      <Extensions>rc;ico;cur;bmp;dlg;rc2;rct;bin;rgs;gif;jpg;jpeg;jpe;resx;tiff;tif;png;wav;mfcribbon-ms</Extensions>
    </Filter>
    <Filter Include="ソース ファイル\Component">
      <UniqueIdentifier>{f69a0960-386c-4fa2-802b-34a3285cb79b}</UniqueIdentifier>
    </Filter>
    <Filter Include="ソース ファイル\GameObject">
      <UniqueIdentifier>{f9010ae1-e6fd-460f-b71b-17e420011dfd}</UniqueIdentifier>
    </Filter>
    <Filter Include="ソース ファイル\ImGui">
      <UniqueIdentifier>{e74e4293-57f2-41fe-8eed-ed5c6e9414d0}</UniqueIdentifier>
    </Filter>
    <Filter Include="ソース ファイル\Scene">
      <UniqueIdentifier>{7f4bef7e-15ad-4a89-91ec-1d93386cdbb9}</UniqueIdentifier>
    </Filter>
    <Filter Include="ソース ファイル\Component\Collider">
      <UniqueIdentifier>{34934cd8-8148-47b9-b19a-a95a0cc2d17f}</UniqueIdentifier>
    </Filter>
    <Filter Include="ソース ファイル\UI">
      <UniqueIdentifier>{90a79112-d071-4ac8-b173-b0a4cde86c16}</UniqueIdentifier>
    </Filter>
    <Filter Include="ソース ファイル\Function">
      <UniqueIdentifier>{8d8b1f6e-2a85-4f01-b282-baf626c8521a}</UniqueIdentifier>
    </Filter>
    <Filter Include="リソース ファイル\PS">
      <UniqueIdentifier>{d2990f14-533e-48ee-8557-d78c713b7907}</UniqueIdentifier>
    </Filter>
    <Filter Include="リソース ファイル\VS">
      <UniqueIdentifier>{893df215-8382-4e5b-b966-2d7f851a4ebd}</UniqueIdentifier>
    </Filter>
  </ItemGroup>
  <ItemGroup>
    <ClCompile Include="Application.cpp">
      <Filter>ソース ファイル</Filter>
    </ClCompile>
    <ClCompile Include="main.cpp">
      <Filter>ソース ファイル</Filter>
    </ClCompile>
    <ClCompile Include="manager.cpp">
      <Filter>ソース ファイル</Filter>
    </ClCompile>
    <ClCompile Include="renderer.cpp">
      <Filter>ソース ファイル</Filter>
    </ClCompile>
    <ClCompile Include="utftosjisconv.cpp">
      <Filter>ソース ファイル</Filter>
    </ClCompile>
    <ClCompile Include="input.cpp">
      <Filter>ソース ファイル</Filter>
    </ClCompile>
    <ClCompile Include="audio.cpp">
      <Filter>ソース ファイル\Component</Filter>
    </ClCompile>
    <ClCompile Include="Gravity.cpp">
      <Filter>ソース ファイル\Component</Filter>
    </ClCompile>
    <ClCompile Include="modelRenderer.cpp">
      <Filter>ソース ファイル\Component</Filter>
    </ClCompile>
    <ClCompile Include="PhysicsComponent.cpp">
      <Filter>ソース ファイル\Component</Filter>
    </ClCompile>
    <ClCompile Include="Polygon2D.cpp">
      <Filter>ソース ファイル\Component</Filter>
    </ClCompile>
    <ClCompile Include="shader.cpp">
      <Filter>ソース ファイル\Component</Filter>
    </ClCompile>
    <ClCompile Include="sprite.cpp">
      <Filter>ソース ファイル\Component</Filter>
    </ClCompile>
    <ClCompile Include="box.cpp">
      <Filter>ソース ファイル\GameObject</Filter>
    </ClCompile>
    <ClCompile Include="Bullet.cpp">
      <Filter>ソース ファイル\GameObject</Filter>
    </ClCompile>
    <ClCompile Include="camera.cpp">
      <Filter>ソース ファイル\GameObject</Filter>
    </ClCompile>
    <ClCompile Include="cylinder.cpp">
      <Filter>ソース ファイル\GameObject</Filter>
    </ClCompile>
    <ClCompile Include="field.cpp">
      <Filter>ソース ファイル\GameObject</Filter>
    </ClCompile>
    <ClCompile Include="Player.cpp">
      <Filter>ソース ファイル\GameObject</Filter>
    </ClCompile>
    <ClCompile Include="BackCameraComponent.cpp">
      <Filter>ソース ファイル\Component</Filter>
    </ClCompile>
    <ClCompile Include="imgui.cpp">
      <Filter>ソース ファイル\ImGui</Filter>
    </ClCompile>
    <ClCompile Include="imgui_draw.cpp">
      <Filter>ソース ファイル\ImGui</Filter>
    </ClCompile>
    <ClCompile Include="imgui_impl_dx11.cpp">
      <Filter>ソース ファイル\ImGui</Filter>
    </ClCompile>
    <ClCompile Include="imgui_impl_win32.cpp">
      <Filter>ソース ファイル\ImGui</Filter>
    </ClCompile>
    <ClCompile Include="imgui_tables.cpp">
      <Filter>ソース ファイル\ImGui</Filter>
    </ClCompile>
    <ClCompile Include="imgui_widgets.cpp">
      <Filter>ソース ファイル\ImGui</Filter>
    </ClCompile>
    <ClCompile Include="ImGuiManager.cpp">
      <Filter>ソース ファイル\ImGui</Filter>
    </ClCompile>
    <ClCompile Include="JumpComponent.cpp">
      <Filter>ソース ファイル\Component</Filter>
    </ClCompile>
    <ClCompile Include="Title.cpp">
      <Filter>ソース ファイル\Scene</Filter>
    </ClCompile>
    <ClCompile Include="Game.cpp">
      <Filter>ソース ファイル\Scene</Filter>
    </ClCompile>
    <ClCompile Include="Transition.cpp">
      <Filter>ソース ファイル</Filter>
    </ClCompile>
    <ClCompile Include="Result.cpp">
      <Filter>ソース ファイル\Scene</Filter>
    </ClCompile>
    <ClCompile Include="BoxCollider.cpp">
      <Filter>ソース ファイル\Component\Collider</Filter>
    </ClCompile>
    <ClCompile Include="BulletComponent.cpp">
      <Filter>ソース ファイル\Component</Filter>
    </ClCompile>
    <ClCompile Include="Goal.cpp">
      <Filter>ソース ファイル\GameObject</Filter>
    </ClCompile>
    <ClCompile Include="Enemy.cpp">
      <Filter>ソース ファイル\GameObject</Filter>
    </ClCompile>
    <ClCompile Include="collison.cpp">
      <Filter>ソース ファイル\Component\Collider</Filter>
    </ClCompile>
    <ClCompile Include="shadow.cpp">
      <Filter>ソース ファイル\Component</Filter>
    </ClCompile>
    <ClCompile Include="sky.cpp">
      <Filter>ソース ファイル\GameObject</Filter>
    </ClCompile>
    <ClCompile Include="score.cpp">
      <Filter>ソース ファイル\UI</Filter>
    </ClCompile>
    <ClCompile Include="utility.cpp">
      <Filter>ソース ファイル</Filter>
    </ClCompile>
    <ClCompile Include="NoRotationCameraComponent.cpp">
      <Filter>ソース ファイル</Filter>
    </ClCompile>
    <ClCompile Include="AddForce.cpp">
      <Filter>ソース ファイル\Function</Filter>
    </ClCompile>
    <ClCompile Include="GamePad.cpp">
      <Filter>ソース ファイル\Component</Filter>
    </ClCompile>
    <ClCompile Include="Timer.cpp">
      <Filter>ソース ファイル\UI</Filter>
    </ClCompile>
    <ClCompile Include="PostProcess.cpp">
      <Filter>ソース ファイル\UI</Filter>
    </ClCompile>
    <ClCompile Include="Fade.cpp">
      <Filter>ソース ファイル\UI</Filter>
    </ClCompile>
  </ItemGroup>
  <ItemGroup>
    <ClInclude Include="Application.h">
      <Filter>ソース ファイル</Filter>
    </ClInclude>
    <ClInclude Include="fpscontrol.h">
      <Filter>ソース ファイル</Filter>
    </ClInclude>
    <ClInclude Include="main.h">
      <Filter>ソース ファイル</Filter>
    </ClInclude>
    <ClInclude Include="manager.h">
      <Filter>ソース ファイル</Filter>
    </ClInclude>
    <ClInclude Include="renderer.h">
      <Filter>ソース ファイル</Filter>
    </ClInclude>
    <ClInclude Include="utftosjisconv.h">
      <Filter>ソース ファイル</Filter>
    </ClInclude>
    <ClInclude Include="component.h">
      <Filter>ソース ファイル\Component</Filter>
    </ClInclude>
    <ClInclude Include="modelRenderer.h">
      <Filter>ソース ファイル\Component</Filter>
    </ClInclude>
    <ClInclude Include="Polygon2D.h">
      <Filter>ソース ファイル\Component</Filter>
    </ClInclude>
    <ClInclude Include="shader.h">
      <Filter>ソース ファイル\Component</Filter>
    </ClInclude>
    <ClInclude Include="sprite.h">
      <Filter>ソース ファイル\Component</Filter>
    </ClInclude>
    <ClInclude Include="audio.h">
      <Filter>ソース ファイル\Component</Filter>
    </ClInclude>
    <ClInclude Include="Gravity.h">
      <Filter>ソース ファイル\Component</Filter>
    </ClInclude>
    <ClInclude Include="PhysicsComponent.h">
      <Filter>ソース ファイル\Component</Filter>
    </ClInclude>
    <ClInclude Include="box.h">
      <Filter>ソース ファイル\GameObject</Filter>
    </ClInclude>
    <ClInclude Include="camera.h">
      <Filter>ソース ファイル\GameObject</Filter>
    </ClInclude>
    <ClInclude Include="cylinder.h">
      <Filter>ソース ファイル\GameObject</Filter>
    </ClInclude>
    <ClInclude Include="field.h">
      <Filter>ソース ファイル\GameObject</Filter>
    </ClInclude>
    <ClInclude Include="Player.h">
      <Filter>ソース ファイル\GameObject</Filter>
    </ClInclude>
    <ClInclude Include="Bullet.h">
      <Filter>ソース ファイル\GameObject</Filter>
    </ClInclude>
    <ClInclude Include="gameObject.h">
      <Filter>ソース ファイル\GameObject</Filter>
    </ClInclude>
    <ClInclude Include="input.h">
      <Filter>ソース ファイル</Filter>
    </ClInclude>
    <ClInclude Include="BackCameraComponent.h">
      <Filter>ソース ファイル\Component</Filter>
    </ClInclude>
    <ClInclude Include="imconfig.h">
      <Filter>ソース ファイル\ImGui</Filter>
    </ClInclude>
    <ClInclude Include="imgui.h">
      <Filter>ソース ファイル\ImGui</Filter>
    </ClInclude>
    <ClInclude Include="imgui_impl_dx11.h">
      <Filter>ソース ファイル\ImGui</Filter>
    </ClInclude>
    <ClInclude Include="imgui_impl_win32.h">
      <Filter>ソース ファイル\ImGui</Filter>
    </ClInclude>
    <ClInclude Include="imgui_internal.h">
      <Filter>ソース ファイル\ImGui</Filter>
    </ClInclude>
    <ClInclude Include="imstb_rectpack.h">
      <Filter>ソース ファイル\ImGui</Filter>
    </ClInclude>
    <ClInclude Include="imstb_textedit.h">
      <Filter>ソース ファイル\ImGui</Filter>
    </ClInclude>
    <ClInclude Include="imstb_truetype.h">
      <Filter>ソース ファイル\ImGui</Filter>
    </ClInclude>
    <ClInclude Include="ImGuiManager.h">
      <Filter>ソース ファイル\ImGui</Filter>
    </ClInclude>
    <ClInclude Include="JumpComponent.h">
      <Filter>ソース ファイル\Component</Filter>
    </ClInclude>
    <ClInclude Include="scene.h">
      <Filter>ソース ファイル\Scene</Filter>
    </ClInclude>
    <ClInclude Include="Title.h">
      <Filter>ソース ファイル\Scene</Filter>
    </ClInclude>
    <ClInclude Include="Game.h">
      <Filter>ソース ファイル\Scene</Filter>
    </ClInclude>
    <ClInclude Include="Result.h">
      <Filter>ソース ファイル\Scene</Filter>
    </ClInclude>
    <ClInclude Include="Transition.h">
      <Filter>ソース ファイル</Filter>
    </ClInclude>
    <ClInclude Include="BoxCollider.h">
      <Filter>ソース ファイル\Component\Collider</Filter>
    </ClInclude>
    <ClInclude Include="BulletComponent.h">
      <Filter>ソース ファイル\Component</Filter>
    </ClInclude>
    <ClInclude Include="Goal.h">
      <Filter>ソース ファイル\GameObject</Filter>
    </ClInclude>
    <ClInclude Include="Enemy.h">
      <Filter>ソース ファイル\GameObject</Filter>
    </ClInclude>
    <ClInclude Include="collison.h">
      <Filter>ソース ファイル\Component\Collider</Filter>
    </ClInclude>
    <ClInclude Include="shadow.h">
      <Filter>ソース ファイル\Component</Filter>
    </ClInclude>
    <ClInclude Include="sky.h">
      <Filter>ソース ファイル\GameObject</Filter>
    </ClInclude>
    <ClInclude Include="score.h">
      <Filter>ソース ファイル\UI</Filter>
    </ClInclude>
    <ClInclude Include="utility.h">
      <Filter>ソース ファイル</Filter>
    </ClInclude>
    <ClInclude Include="NoRotationCameraComponent.h">
      <Filter>ヘッダー ファイル</Filter>
    </ClInclude>
    <ClInclude Include="AddForce.h">
      <Filter>ソース ファイル\Function</Filter>
    </ClInclude>
    <ClInclude Include="GamePad.h">
      <Filter>ソース ファイル\Component</Filter>
    </ClInclude>
    <ClInclude Include="Timer.h">
      <Filter>ソース ファイル\UI</Filter>
    </ClInclude>
    <ClInclude Include="PostProcess.h">
      <Filter>ソース ファイル\UI</Filter>
    </ClInclude>
    <ClInclude Include="Fade.h">
      <Filter>ソース ファイル\UI</Filter>
    </ClInclude>
  </ItemGroup>
  <ItemGroup>
    <None Include="ClassDiagram.cd" />
  </ItemGroup>
  <ItemGroup>
    <FxCompile Include="shader\PS_GouraudShading.hlsl">
      <Filter>リソース ファイル\PS</Filter>
    </FxCompile>
    <FxCompile Include="shader\vertexLightingVS.hlsl">
      <Filter>リソース ファイル\VS</Filter>
    </FxCompile>
    <FxCompile Include="shader\VS_GouraudShading.hlsl">
      <Filter>リソース ファイル\VS</Filter>
    </FxCompile>
    <FxCompile Include="shader\vertexLightingPS.hlsl">
      <Filter>リソース ファイル\PS</Filter>
    </FxCompile>
    <FxCompile Include="shader\PS_OrangeScale.hlsl">
      <Filter>リソース ファイル\PS</Filter>
    </FxCompile>
    <FxCompile Include="shader\PS_RGBSplit.hlsl">
      <Filter>リソース ファイル\PS</Filter>
    </FxCompile>
    <FxCompile Include="shader\PS_PolarCoordinates.hlsl">
      <Filter>リソース ファイル\PS</Filter>
    </FxCompile>
    <FxCompile Include="shader\common.hlsl">
      <Filter>リソース ファイル\PS</Filter>
    </FxCompile>
    <FxCompile Include="shader\PS_ConcentrationShader.hlsl">
      <Filter>リソース ファイル\PS</Filter>
    </FxCompile>
    <FxCompile Include="shader\PS_FadeShader.hlsl">
      <Filter>リソース ファイル\PS</Filter>
    </FxCompile>
  </ItemGroup>
</Project>